
Microsoft Visual Studio Solution File, Format Version 12.00
# Visual Studio Version 17
VisualStudioVersion = 17.13.35913.81
MinimumVisualStudioVersion = 10.0.40219.1
Project("{FAE04EC0-301F-11D3-BF4B-00C04F79EFBC}") = "WebApplication1", "WebApplication1\WebApplication1.csproj", "{54AFC872-FF9F-4A4C-81BD-1991B271C0D1}"
EndProject
Project("{FAE04EC0-301F-11D3-BF4B-00C04F79EFBC}") = "BusinessLayer", "BusinessLayer\BusinessLayer.csproj", "{00F211D1-15EB-4BB8-A002-F0457DD60D77}"
EndProject
Project("{FAE04EC0-301F-11D3-BF4B-00C04F79EFBC}") = "DataLayer", "DataLayer\DataLayer.csproj", "{D7F655C0-C35A-49C6-B70E-1054E9325DCF}"
EndProject
Global
	GlobalSection(SolutionConfigurationPlatforms) = preSolution
		Debug|Any CPU = Debug|Any CPU
		Release|Any CPU = Release|Any CPU
	EndGlobalSection
	GlobalSection(ProjectConfigurationPlatforms) = postSolution
		{54AFC872-FF9F-4A4C-81BD-1991B271C0D1}.Debug|Any CPU.ActiveCfg = Debug|Any CPU
		{54AFC872-FF9F-4A4C-81BD-1991B271C0D1}.Debug|Any CPU.Build.0 = Debug|Any CPU
		{54AFC872-FF9F-4A4C-81BD-1991B271C0D1}.Release|Any CPU.ActiveCfg = Release|Any CPU
		{54AFC872-FF9F-4A4C-81BD-1991B271C0D1}.Release|Any CPU.Build.0 = Release|Any CPU
		{00F211D1-15EB-4BB8-A002-F0457DD60D77}.Debug|Any CPU.ActiveCfg = Debug|Any CPU
		{00F211D1-15EB-4BB8-A002-F0457DD60D77}.Debug|Any CPU.Build.0 = Debug|Any CPU
		{00F211D1-15EB-4BB8-A002-F0457DD60D77}.Release|Any CPU.ActiveCfg = Release|Any CPU
		{00F211D1-15EB-4BB8-A002-F0457DD60D77}.Release|Any CPU.Build.0 = Release|Any CPU
		{D7F655C0-C35A-49C6-B70E-1054E9325DCF}.Debug|Any CPU.ActiveCfg = Debug|Any CPU
		{D7F655C0-C35A-49C6-B70E-1054E9325DCF}.Debug|Any CPU.Build.0 = Debug|Any CPU
		{D7F655C0-C35A-49C6-B70E-1054E9325DCF}.Release|Any CPU.ActiveCfg = Release|Any CPU
		{D7F655C0-C35A-49C6-B70E-1054E9325DCF}.Release|Any CPU.Build.0 = Release|Any CPU
	EndGlobalSection
	GlobalSection(SolutionProperties) = preSolution
		HideSolutionNode = FALSE
	EndGlobalSection
	GlobalSection(ExtensibilityGlobals) = postSolution
		SolutionGuid = {4878AD22-D985-4795-9338-59D2F14B3066}
	EndGlobalSection
EndGlobal
